
Microsoft Visual Studio Solution File, Format Version 12.00
# Visual Studio 15
VisualStudioVersion = 15.0.27703.2035
MinimumVisualStudioVersion = 10.0.40219.1
Project("{FAE04EC0-301F-11D3-BF4B-00C04F79EFBC}") = "Eval", "Eval\Eval.csproj", "{EA23984F-C52C-40E5-ABEE-D1A445B33FFF}"
EndProject
Project("{FAE04EC0-301F-11D3-BF4B-00C04F79EFBC}") = "Representation", "Representation\Representation.csproj", "{56C19CCD-AB3B-4FAA-95BF-11C16F8DC072}"
EndProject
Global
	GlobalSection(SolutionConfigurationPlatforms) = preSolution
		Debug|Any CPU = Debug|Any CPU
		Release|Any CPU = Release|Any CPU
	EndGlobalSection
	GlobalSection(ProjectConfigurationPlatforms) = postSolution
		{EA23984F-C52C-40E5-ABEE-D1A445B33FFF}.Debug|Any CPU.ActiveCfg = Debug|Any CPU
		{EA23984F-C52C-40E5-ABEE-D1A445B33FFF}.Debug|Any CPU.Build.0 = Debug|Any CPU
		{EA23984F-C52C-40E5-ABEE-D1A445B33FFF}.Release|Any CPU.ActiveCfg = Release|Any CPU
		{EA23984F-C52C-40E5-ABEE-D1A445B33FFF}.Release|Any CPU.Build.0 = Release|Any CPU
		{56C19CCD-AB3B-4FAA-95BF-11C16F8DC072}.Debug|Any CPU.ActiveCfg = Debug|Any CPU
		{56C19CCD-AB3B-4FAA-95BF-11C16F8DC072}.Debug|Any CPU.Build.0 = Debug|Any CPU
		{56C19CCD-AB3B-4FAA-95BF-11C16F8DC072}.Release|Any CPU.ActiveCfg = Release|Any CPU
		{56C19CCD-AB3B-4FAA-95BF-11C16F8DC072}.Release|Any CPU.Build.0 = Release|Any CPU
	EndGlobalSection
	GlobalSection(SolutionProperties) = preSolution
		HideSolutionNode = FALSE
	EndGlobalSection
	GlobalSection(ExtensibilityGlobals) = postSolution
		SolutionGuid = {E6E6D1A1-BDE7-4928-9F45-41E112A5E64A}
	EndGlobalSection
EndGlobal
